
Microsoft Visual Studio Solution File, Format Version 12.00
# Visual Studio Version 17
VisualStudioVersion = 17.10.35013.160
MinimumVisualStudioVersion = 10.0.40219.1
Project("{FAE04EC0-301F-11D3-BF4B-00C04F79EFBC}") = "MassPersona.RazorPageApp", "MassPersona.RazorPageApp.csproj", "{78AF41CA-2CD4-470E-973D-EFA2079380DC}"
EndProject
Global
	GlobalSection(SolutionConfigurationPlatforms) = preSolution
		Debug|Any CPU = Debug|Any CPU
		Release|Any CPU = Release|Any CPU
	EndGlobalSection
	GlobalSection(ProjectConfigurationPlatforms) = postSolution
		{78AF41CA-2CD4-470E-973D-EFA2079380DC}.Debug|Any CPU.ActiveCfg = Debug|Any CPU
		{78AF41CA-2CD4-470E-973D-EFA2079380DC}.Debug|Any CPU.Build.0 = Debug|Any CPU
		{78AF41CA-2CD4-470E-973D-EFA2079380DC}.Release|Any CPU.ActiveCfg = Release|Any CPU
		{78AF41CA-2CD4-470E-973D-EFA2079380DC}.Release|Any CPU.Build.0 = Release|Any CPU
	EndGlobalSection
	GlobalSection(SolutionProperties) = preSolution
		HideSolutionNode = FALSE
	EndGlobalSection
	GlobalSection(ExtensibilityGlobals) = postSolution
		SolutionGuid = {CB3DDF05-8AD2-4F21-9AC0-FEB95C8FB9BC}
	EndGlobalSection
EndGlobal
